
Microsoft Visual Studio Solution File, Format Version 12.00
# Visual Studio Version 17
VisualStudioVersion = 17.5.002.0
MinimumVisualStudioVersion = 10.0.40219.1
Project("{9A19103F-16F7-4668-BE54-9A1E7A4F7556}") = "UserRegistrationAPI", "UserRegistrationAPI\UserRegistrationAPI.csproj", "{5552CCCB-1619-4646-9401-2860AF3E2755}"
EndProject
Global
	GlobalSection(SolutionConfigurationPlatforms) = preSolution
		Debug|Any CPU = Debug|Any CPU
		Release|Any CPU = Release|Any CPU
	EndGlobalSection
	GlobalSection(ProjectConfigurationPlatforms) = postSolution
		{5552CCCB-1619-4646-9401-2860AF3E2755}.Debug|Any CPU.ActiveCfg = Debug|Any CPU
		{5552CCCB-1619-4646-9401-2860AF3E2755}.Debug|Any CPU.Build.0 = Debug|Any CPU
		{5552CCCB-1619-4646-9401-2860AF3E2755}.Release|Any CPU.ActiveCfg = Release|Any CPU
		{5552CCCB-1619-4646-9401-2860AF3E2755}.Release|Any CPU.Build.0 = Release|Any CPU
	EndGlobalSection
	GlobalSection(SolutionProperties) = preSolution
		HideSolutionNode = FALSE
	EndGlobalSection
	GlobalSection(ExtensibilityGlobals) = postSolution
		SolutionGuid = {AC3D0A5C-1CA0-4C8D-97AA-559CDA58C093}
	EndGlobalSection
EndGlobal
